
Microsoft Visual Studio Solution File, Format Version 12.00
# Visual Studio Version 17
VisualStudioVersion = 17.13.35806.99 d17.13
MinimumVisualStudioVersion = 10.0.40219.1
Project("{FAE04EC0-301F-11D3-BF4B-00C04F79EFBC}") = "RockPaperScissorsCode", "RockPaperScissorsCode\RockPaperScissorsCode.csproj", "{FD98830F-C443-4E68-BCFB-3B6F3266628E}"
EndProject
Global
	GlobalSection(SolutionConfigurationPlatforms) = preSolution
		Debug|Any CPU = Debug|Any CPU
		Release|Any CPU = Release|Any CPU
	EndGlobalSection
	GlobalSection(ProjectConfigurationPlatforms) = postSolution
		{FD98830F-C443-4E68-BCFB-3B6F3266628E}.Debug|Any CPU.ActiveCfg = Debug|Any CPU
		{FD98830F-C443-4E68-BCFB-3B6F3266628E}.Debug|Any CPU.Build.0 = Debug|Any CPU
		{FD98830F-C443-4E68-BCFB-3B6F3266628E}.Release|Any CPU.ActiveCfg = Release|Any CPU
		{FD98830F-C443-4E68-BCFB-3B6F3266628E}.Release|Any CPU.Build.0 = Release|Any CPU
	EndGlobalSection
	GlobalSection(SolutionProperties) = preSolution
		HideSolutionNode = FALSE
	EndGlobalSection
	GlobalSection(ExtensibilityGlobals) = postSolution
		SolutionGuid = {FCA44D33-466E-41CC-BE90-BC3D30B8D398}
	EndGlobalSection
EndGlobal
